
Microsoft Visual Studio Solution File, Format Version 12.00
# Visual Studio 15
VisualStudioVersion = 15.0.28010.0
MinimumVisualStudioVersion = 10.0.40219.1
Project("{FAE04EC0-301F-11D3-BF4B-00C04F79EFBC}") = "CarUserAPI", "CarUserAPI\CarUserAPI.csproj", "{94A66B04-7AA7-447C-9D2D-26CF9A91A351}"
EndProject
Project("{FAE04EC0-301F-11D3-BF4B-00C04F79EFBC}") = "CarProductAPI", "CarProductAPI\CarProductAPI.csproj", "{0DB1AA70-89FE-4709-B5E8-DB4BDC622790}"
EndProject
Project("{FAE04EC0-301F-11D3-BF4B-00C04F79EFBC}") = "IdentityServer", "IdentityServer\IdentityServer.csproj", "{08618EE0-43EE-4FA9-959C-E4033A84C976}"
EndProject
Project("{FAE04EC0-301F-11D3-BF4B-00C04F79EFBC}") = "Gateway", "Gateway\Gateway.csproj", "{E71561A3-42AB-4923-B920-DD480E0C792F}"
EndProject
Global
	GlobalSection(SolutionConfigurationPlatforms) = preSolution
		Debug|Any CPU = Debug|Any CPU
		Release|Any CPU = Release|Any CPU
	EndGlobalSection
	GlobalSection(ProjectConfigurationPlatforms) = postSolution
		{94A66B04-7AA7-447C-9D2D-26CF9A91A351}.Debug|Any CPU.ActiveCfg = Debug|Any CPU
		{94A66B04-7AA7-447C-9D2D-26CF9A91A351}.Debug|Any CPU.Build.0 = Debug|Any CPU
		{94A66B04-7AA7-447C-9D2D-26CF9A91A351}.Release|Any CPU.ActiveCfg = Release|Any CPU
		{94A66B04-7AA7-447C-9D2D-26CF9A91A351}.Release|Any CPU.Build.0 = Release|Any CPU
		{0DB1AA70-89FE-4709-B5E8-DB4BDC622790}.Debug|Any CPU.ActiveCfg = Debug|Any CPU
		{0DB1AA70-89FE-4709-B5E8-DB4BDC622790}.Debug|Any CPU.Build.0 = Debug|Any CPU
		{0DB1AA70-89FE-4709-B5E8-DB4BDC622790}.Release|Any CPU.ActiveCfg = Release|Any CPU
		{0DB1AA70-89FE-4709-B5E8-DB4BDC622790}.Release|Any CPU.Build.0 = Release|Any CPU
		{08618EE0-43EE-4FA9-959C-E4033A84C976}.Debug|Any CPU.ActiveCfg = Debug|Any CPU
		{08618EE0-43EE-4FA9-959C-E4033A84C976}.Debug|Any CPU.Build.0 = Debug|Any CPU
		{08618EE0-43EE-4FA9-959C-E4033A84C976}.Release|Any CPU.ActiveCfg = Release|Any CPU
		{08618EE0-43EE-4FA9-959C-E4033A84C976}.Release|Any CPU.Build.0 = Release|Any CPU
		{E71561A3-42AB-4923-B920-DD480E0C792F}.Debug|Any CPU.ActiveCfg = Debug|Any CPU
		{E71561A3-42AB-4923-B920-DD480E0C792F}.Debug|Any CPU.Build.0 = Debug|Any CPU
		{E71561A3-42AB-4923-B920-DD480E0C792F}.Release|Any CPU.ActiveCfg = Release|Any CPU
		{E71561A3-42AB-4923-B920-DD480E0C792F}.Release|Any CPU.Build.0 = Release|Any CPU
	EndGlobalSection
	GlobalSection(SolutionProperties) = preSolution
		HideSolutionNode = FALSE
	EndGlobalSection
	GlobalSection(ExtensibilityGlobals) = postSolution
		SolutionGuid = {AF1AE002-AD78-4220-8552-0762A8DA5CF9}
	EndGlobalSection
EndGlobal
